
Microsoft Visual Studio Solution File, Format Version 12.00
# Visual Studio 15
VisualStudioVersion = 15.0.27004.2006
MinimumVisualStudioVersion = 10.0.40219.1
Project("{FAE04EC0-301F-11D3-BF4B-00C04F79EFBC}") = "UmbracoDemo", "UmbracoDemo\UmbracoDemo.csproj", "{F53AA352-EC89-4E5E-8725-0D299BCA0F7E}"
EndProject
Global
	GlobalSection(SolutionConfigurationPlatforms) = preSolution
		Debug|Any CPU = Debug|Any CPU
		Release|Any CPU = Release|Any CPU
	EndGlobalSection
	GlobalSection(ProjectConfigurationPlatforms) = postSolution
		{F53AA352-EC89-4E5E-8725-0D299BCA0F7E}.Debug|Any CPU.ActiveCfg = Debug|Any CPU
		{F53AA352-EC89-4E5E-8725-0D299BCA0F7E}.Debug|Any CPU.Build.0 = Debug|Any CPU
		{F53AA352-EC89-4E5E-8725-0D299BCA0F7E}.Release|Any CPU.ActiveCfg = Release|Any CPU
		{F53AA352-EC89-4E5E-8725-0D299BCA0F7E}.Release|Any CPU.Build.0 = Release|Any CPU
	EndGlobalSection
	GlobalSection(SolutionProperties) = preSolution
		HideSolutionNode = FALSE
	EndGlobalSection
	GlobalSection(ExtensibilityGlobals) = postSolution
		SolutionGuid = {C27C8305-1762-43A5-9355-F8C14B3B5E7D}
	EndGlobalSection
EndGlobal
